
Microsoft Visual Studio Solution File, Format Version 12.00
# Visual Studio Version 17
VisualStudioVersion = 17.9.34723.18
MinimumVisualStudioVersion = 10.0.40219.1
Project("{2150E333-8FDC-42A3-9474-1A3956D46DE8}") = "Core", "Core", "{5770C343-CC5F-4DC2-9CB3-48B1C178D10B}"
EndProject
Project("{2150E333-8FDC-42A3-9474-1A3956D46DE8}") = "Infrastructures", "Infrastructures", "{375C83B9-7FE2-431A-ABE9-3E9DF6F163F4}"
EndProject
Project("{2150E333-8FDC-42A3-9474-1A3956D46DE8}") = "Presentation", "Presentation", "{835E6DBC-AA57-44D9-87C5-86A612E78C46}"
EndProject
Project("{9A19103F-16F7-4668-BE54-9A1E7A4F7556}") = "TravelManagmentSystem.Domain", "Core\TravelManagmentSystem.Domain\TravelManagmentSystem.Domain.csproj", "{BDE91512-6CFD-467E-9688-1800326D98AC}"
EndProject
Project("{9A19103F-16F7-4668-BE54-9A1E7A4F7556}") = "TravelManagmentSystem.Infrastructure", "Infrastructures\TravelManagmentSystem.Infrastructure\TravelManagmentSystem.Infrastructure.csproj", "{FAB22D5E-D6A0-494A-AF93-3C01C9A0A18C}"
EndProject
Project("{9A19103F-16F7-4668-BE54-9A1E7A4F7556}") = "TravelManagmentSystem.Persistence", "Infrastructures\TravelManagmentSystem.Persistence\TravelManagmentSystem.Persistence.csproj", "{F2E39437-9BAD-44EA-829D-9FDA02226A82}"
EndProject
Project("{9A19103F-16F7-4668-BE54-9A1E7A4F7556}") = "TravelManagmentSystem.WebApi", "Presentation\TravelManagmentSystem.WebApi\TravelManagmentSystem.WebApi.csproj", "{AFBE6F99-4F57-480C-A7FC-ED507E68CF68}"
EndProject
Project("{FAE04EC0-301F-11D3-BF4B-00C04F79EFBC}") = "TravelManagmentSystem.Application", "Core\TravelManagmentSystem.Application\TravelManagmentSystem.Application.csproj", "{59259F8E-77DD-4DC4-8E7B-CC852F9BE05F}"
EndProject
Global
	GlobalSection(SolutionConfigurationPlatforms) = preSolution
		Debug|Any CPU = Debug|Any CPU
		Release|Any CPU = Release|Any CPU
	EndGlobalSection
	GlobalSection(ProjectConfigurationPlatforms) = postSolution
		{BDE91512-6CFD-467E-9688-1800326D98AC}.Debug|Any CPU.ActiveCfg = Debug|Any CPU
		{BDE91512-6CFD-467E-9688-1800326D98AC}.Debug|Any CPU.Build.0 = Debug|Any CPU
		{BDE91512-6CFD-467E-9688-1800326D98AC}.Release|Any CPU.ActiveCfg = Release|Any CPU
		{BDE91512-6CFD-467E-9688-1800326D98AC}.Release|Any CPU.Build.0 = Release|Any CPU
		{FAB22D5E-D6A0-494A-AF93-3C01C9A0A18C}.Debug|Any CPU.ActiveCfg = Debug|Any CPU
		{FAB22D5E-D6A0-494A-AF93-3C01C9A0A18C}.Debug|Any CPU.Build.0 = Debug|Any CPU
		{FAB22D5E-D6A0-494A-AF93-3C01C9A0A18C}.Release|Any CPU.ActiveCfg = Release|Any CPU
		{FAB22D5E-D6A0-494A-AF93-3C01C9A0A18C}.Release|Any CPU.Build.0 = Release|Any CPU
		{F2E39437-9BAD-44EA-829D-9FDA02226A82}.Debug|Any CPU.ActiveCfg = Debug|Any CPU
		{F2E39437-9BAD-44EA-829D-9FDA02226A82}.Debug|Any CPU.Build.0 = Debug|Any CPU
		{F2E39437-9BAD-44EA-829D-9FDA02226A82}.Release|Any CPU.ActiveCfg = Release|Any CPU
		{F2E39437-9BAD-44EA-829D-9FDA02226A82}.Release|Any CPU.Build.0 = Release|Any CPU
		{AFBE6F99-4F57-480C-A7FC-ED507E68CF68}.Debug|Any CPU.ActiveCfg = Debug|Any CPU
		{AFBE6F99-4F57-480C-A7FC-ED507E68CF68}.Debug|Any CPU.Build.0 = Debug|Any CPU
		{AFBE6F99-4F57-480C-A7FC-ED507E68CF68}.Release|Any CPU.ActiveCfg = Release|Any CPU
		{AFBE6F99-4F57-480C-A7FC-ED507E68CF68}.Release|Any CPU.Build.0 = Release|Any CPU
		{59259F8E-77DD-4DC4-8E7B-CC852F9BE05F}.Debug|Any CPU.ActiveCfg = Debug|Any CPU
		{59259F8E-77DD-4DC4-8E7B-CC852F9BE05F}.Debug|Any CPU.Build.0 = Debug|Any CPU
		{59259F8E-77DD-4DC4-8E7B-CC852F9BE05F}.Release|Any CPU.ActiveCfg = Release|Any CPU
		{59259F8E-77DD-4DC4-8E7B-CC852F9BE05F}.Release|Any CPU.Build.0 = Release|Any CPU
	EndGlobalSection
	GlobalSection(SolutionProperties) = preSolution
		HideSolutionNode = FALSE
	EndGlobalSection
	GlobalSection(NestedProjects) = preSolution
		{BDE91512-6CFD-467E-9688-1800326D98AC} = {5770C343-CC5F-4DC2-9CB3-48B1C178D10B}
		{FAB22D5E-D6A0-494A-AF93-3C01C9A0A18C} = {375C83B9-7FE2-431A-ABE9-3E9DF6F163F4}
		{F2E39437-9BAD-44EA-829D-9FDA02226A82} = {375C83B9-7FE2-431A-ABE9-3E9DF6F163F4}
		{AFBE6F99-4F57-480C-A7FC-ED507E68CF68} = {835E6DBC-AA57-44D9-87C5-86A612E78C46}
		{59259F8E-77DD-4DC4-8E7B-CC852F9BE05F} = {5770C343-CC5F-4DC2-9CB3-48B1C178D10B}
	EndGlobalSection
	GlobalSection(ExtensibilityGlobals) = postSolution
		SolutionGuid = {6677D905-3BF8-4748-BEC6-2217F352BDF4}
	EndGlobalSection
EndGlobal
